
Microsoft Visual Studio Solution File, Format Version 12.00
# Visual Studio Version 17
VisualStudioVersion = 17.0.32428.209
MinimumVisualStudioVersion = 10.0.40219.1
Project("{9A19103F-16F7-4668-BE54-9A1E7A4F7556}") = "Business", "Business\Business.csproj", "{65D0344D-36EB-4842-89C0-2F14F3CE8B24}"
EndProject
Project("{9A19103F-16F7-4668-BE54-9A1E7A4F7556}") = "Core", "Core\Core.csproj", "{86CDEA7C-70D0-4E96-9676-FA100CD6CEB9}"
EndProject
Project("{9A19103F-16F7-4668-BE54-9A1E7A4F7556}") = "DataAccess", "DataAccess\DataAccess.csproj", "{865253AA-C5CF-4B8A-8DBD-F4CF72C0A682}"
EndProject
Project("{9A19103F-16F7-4668-BE54-9A1E7A4F7556}") = "Entities", "Entities\Entities.csproj", "{5A41DEF4-E7CC-444E-90D6-781B2AE24DB3}"
EndProject
Project("{9A19103F-16F7-4668-BE54-9A1E7A4F7556}") = "WebApi", "WebApi\WebApi.csproj", "{B7A36C2E-A693-4069-B49F-F1CEE260F459}"
EndProject
Global
	GlobalSection(SolutionConfigurationPlatforms) = preSolution
		Debug|Any CPU = Debug|Any CPU
		Release|Any CPU = Release|Any CPU
	EndGlobalSection
	GlobalSection(ProjectConfigurationPlatforms) = postSolution
		{65D0344D-36EB-4842-89C0-2F14F3CE8B24}.Debug|Any CPU.ActiveCfg = Debug|Any CPU
		{65D0344D-36EB-4842-89C0-2F14F3CE8B24}.Debug|Any CPU.Build.0 = Debug|Any CPU
		{65D0344D-36EB-4842-89C0-2F14F3CE8B24}.Release|Any CPU.ActiveCfg = Release|Any CPU
		{65D0344D-36EB-4842-89C0-2F14F3CE8B24}.Release|Any CPU.Build.0 = Release|Any CPU
		{86CDEA7C-70D0-4E96-9676-FA100CD6CEB9}.Debug|Any CPU.ActiveCfg = Debug|Any CPU
		{86CDEA7C-70D0-4E96-9676-FA100CD6CEB9}.Debug|Any CPU.Build.0 = Debug|Any CPU
		{86CDEA7C-70D0-4E96-9676-FA100CD6CEB9}.Release|Any CPU.ActiveCfg = Release|Any CPU
		{86CDEA7C-70D0-4E96-9676-FA100CD6CEB9}.Release|Any CPU.Build.0 = Release|Any CPU
		{865253AA-C5CF-4B8A-8DBD-F4CF72C0A682}.Debug|Any CPU.ActiveCfg = Debug|Any CPU
		{865253AA-C5CF-4B8A-8DBD-F4CF72C0A682}.Debug|Any CPU.Build.0 = Debug|Any CPU
		{865253AA-C5CF-4B8A-8DBD-F4CF72C0A682}.Release|Any CPU.ActiveCfg = Release|Any CPU
		{865253AA-C5CF-4B8A-8DBD-F4CF72C0A682}.Release|Any CPU.Build.0 = Release|Any CPU
		{5A41DEF4-E7CC-444E-90D6-781B2AE24DB3}.Debug|Any CPU.ActiveCfg = Debug|Any CPU
		{5A41DEF4-E7CC-444E-90D6-781B2AE24DB3}.Debug|Any CPU.Build.0 = Debug|Any CPU
		{5A41DEF4-E7CC-444E-90D6-781B2AE24DB3}.Release|Any CPU.ActiveCfg = Release|Any CPU
		{5A41DEF4-E7CC-444E-90D6-781B2AE24DB3}.Release|Any CPU.Build.0 = Release|Any CPU
		{B7A36C2E-A693-4069-B49F-F1CEE260F459}.Debug|Any CPU.ActiveCfg = Debug|Any CPU
		{B7A36C2E-A693-4069-B49F-F1CEE260F459}.Debug|Any CPU.Build.0 = Debug|Any CPU
		{B7A36C2E-A693-4069-B49F-F1CEE260F459}.Release|Any CPU.ActiveCfg = Release|Any CPU
		{B7A36C2E-A693-4069-B49F-F1CEE260F459}.Release|Any CPU.Build.0 = Release|Any CPU
	EndGlobalSection
	GlobalSection(SolutionProperties) = preSolution
		HideSolutionNode = FALSE
	EndGlobalSection
	GlobalSection(ExtensibilityGlobals) = postSolution
		SolutionGuid = {D78F58DB-021A-4205-A25B-07B9147E0F29}
	EndGlobalSection
EndGlobal
